// !$*UTF8*$!
{
	archiveVersion = 1;
	classes = {
	};
	objectVersion = 46;
	objects = {

/* Begin PBXBuildFile section */
		0F8B0DC103CB337B497D046B /* Pods_Poll_It_.framework in Frameworks */ = {isa = PBXBuildFile; fileRef = 503E84C6AC52503006D0183A /* Pods_Poll_It_.framework */; };
		3ADC8A401F22AC5400A8A550 /* AppDelegate.swift in Sources */ = {isa = PBXBuildFile; fileRef = 3ADC8A3F1F22AC5400A8A550 /* AppDelegate.swift */; };
		3ADC8A421F22AC5400A8A550 /* ViewController.swift in Sources */ = {isa = PBXBuildFile; fileRef = 3ADC8A411F22AC5400A8A550 /* ViewController.swift */; };
		3ADC8A451F22AC5400A8A550 /* Main.storyboard in Resources */ = {isa = PBXBuildFile; fileRef = 3ADC8A431F22AC5400A8A550 /* Main.storyboard */; };
		3ADC8A471F22AC5400A8A550 /* Assets.xcassets in Resources */ = {isa = PBXBuildFile; fileRef = 3ADC8A461F22AC5400A8A550 /* Assets.xcassets */; };
		3ADC8A4A1F22AC5400A8A550 /* LaunchScreen.storyboard in Resources */ = {isa = PBXBuildFile; fileRef = 3ADC8A481F22AC5400A8A550 /* LaunchScreen.storyboard */; };
/* End PBXBuildFile section */

/* Begin PBXFileReference section */
		3ADC8A3C1F22AC5400A8A550 /* Poll-It!.app */ = {isa = PBXFileReference; explicitFileType = wrapper.application; includeInIndex = 0; path = "Poll-It!.app"; sourceTree = BUILT_PRODUCTS_DIR; };
		3ADC8A3F1F22AC5400A8A550 /* AppDelegate.swift */ = {isa = PBXFileReference; lastKnownFileType = sourcecode.swift; path = AppDelegate.swift; sourceTree = "<group>"; };
		3ADC8A411F22AC5400A8A550 /* ViewController.swift */ = {isa = PBXFileReference; lastKnownFileType = sourcecode.swift; path = ViewController.swift; sourceTree = "<group>"; };
		3ADC8A441F22AC5400A8A550 /* Base */ = {isa = PBXFileReference; lastKnownFileType = file.storyboard; name = Base; path = Base.lproj/Main.storyboard; sourceTree = "<group>"; };
		3ADC8A461F22AC5400A8A550 /* Assets.xcassets */ = {isa = PBXFileReference; lastKnownFileType = folder.assetcatalog; path = Assets.xcassets; sourceTree = "<group>"; };
		3ADC8A491F22AC5400A8A550 /* Base */ = {isa = PBXFileReference; lastKnownFileType = file.storyboard; name = Base; path = Base.lproj/LaunchScreen.storyboard; sourceTree = "<group>"; };
		3ADC8A4B1F22AC5400A8A550 /* Info.plist */ = {isa = PBXFileReference; lastKnownFileType = text.plist.xml; path = Info.plist; sourceTree = "<group>"; };
		503E84C6AC52503006D0183A /* Pods_Poll_It_.framework */ = {isa = PBXFileReference; explicitFileType = wrapper.framework; includeInIndex = 0; path = Pods_Poll_It_.framework; sourceTree = BUILT_PRODUCTS_DIR; };
		61FB1BF5C4835A363717FEF8 /* Pods-Poll-It!.debug.xcconfig */ = {isa = PBXFileReference; includeInIndex = 1; lastKnownFileType = text.xcconfig; name = "Pods-Poll-It!.debug.xcconfig"; path = "Pods/Target Support Files/Pods-Poll-It!/Pods-Poll-It!.debug.xcconfig"; sourceTree = "<group>"; };
		D4182458467229BE4FA636C0 /* Pods-Poll-It!.release.xcconfig */ = {isa = PBXFileReference; includeInIndex = 1; lastKnownFileType = text.xcconfig; name = "Pods-Poll-It!.release.xcconfig"; path = "Pods/Target Support Files/Pods-Poll-It!/Pods-Poll-It!.release.xcconfig"; sourceTree = "<group>"; };
/* End PBXFileReference section */

/* Begin PBXFrameworksBuildPhase section */
		3ADC8A391F22AC5400A8A550 /* Frameworks */ = {
			isa = PBXFrameworksBuildPhase;
			buildActionMask = 2147483647;
			files = (
				0F8B0DC103CB337B497D046B /* Pods_Poll_It_.framework in Frameworks */,
			);
			runOnlyForDeploymentPostprocessing = 0;
		};
/* End PBXFrameworksBuildPhase section */

/* Begin PBXGroup section */
		3ADC8A331F22AC5400A8A550 = {
			isa = PBXGroup;
			children = (
				3ADC8A3E1F22AC5400A8A550 /* Poll-It! */,
				3ADC8A3D1F22AC5400A8A550 /* Products */,
				FBB2A5400C5847C6F81507B7 /* Pods */,
				D5DD77E683A0E1EADCB85237 /* Frameworks */,
			);
			sourceTree = "<group>";
		};
		3ADC8A3D1F22AC5400A8A550 /* Products */ = {
			isa = PBXGroup;
			children = (
				3ADC8A3C1F22AC5400A8A550 /* Poll-It!.app */,
			);
			name = Products;
			sourceTree = "<group>";
		};
		3ADC8A3E1F22AC5400A8A550 /* Poll-It! */ = {
			isa = PBXGroup;
			children = (
				3ADC8A3F1F22AC5400A8A550 /* AppDelegate.swift */,
				3ADC8A411F22AC5400A8A550 /* ViewController.swift */,
				3ADC8A431F22AC5400A8A550 /* Main.storyboard */,
				3ADC8A461F22AC5400A8A550 /* Assets.xcassets */,
				3ADC8A481F22AC5400A8A550 /* LaunchScreen.storyboard */,
				3ADC8A4B1F22AC5400A8A550 /* Info.plist */,
			);
			path = "Poll-It!";
			sourceTree = "<group>";
		};
		D5DD77E683A0E1EADCB85237 /* Frameworks */ = {
			isa = PBXGroup;
			children = (
				503E84C6AC52503006D0183A /* Pods_Poll_It_.framework */,
			);
			name = Frameworks;
			sourceTree = "<group>";
		};
		FBB2A5400C5847C6F81507B7 /* Pods */ = {
			isa = PBXGroup;
			children = (
				61FB1BF5C4835A363717FEF8 /* Pods-Poll-It!.debug.xcconfig */,
				D4182458467229BE4FA636C0 /* Pods-Poll-It!.release.xcconfig */,
			);
			name = Pods;
			sourceTree = "<group>";
		};
/* End PBXGroup section */

/* Begin PBXNativeTarget section */
		3ADC8A3B1F22AC5400A8A550 /* Poll-It! */ = {
			isa = PBXNativeTarget;
			buildConfigurationList = 3ADC8A4E1F22AC5400A8A550 /* Build configuration list for PBXNativeTarget "Poll-It!" */;
			buildPhases = (
				65265B65EB23B2ACF4E40630 /* [CP] Check Pods Manifest.lock */,
				3ADC8A381F22AC5400A8A550 /* Sources */,
				3ADC8A391F22AC5400A8A550 /* Frameworks */,
				3ADC8A3A1F22AC5400A8A550 /* Resources */,
				317419C21379063112E78170 /* [CP] Embed Pods Frameworks */,
				9EABD5B42A33B9F296E02DDE /* [CP] Copy Pods Resources */,
			);
			buildRules = (
			);
			dependencies = (
			);
			name = "Poll-It!";
			productName = "Poll-It!";
			productReference = 3ADC8A3C1F22AC5400A8A550 /* Poll-It!.app */;
			productType = "com.apple.product-type.application";
		};
/* End PBXNativeTarget section */

/* Begin PBXProject section */
		3ADC8A341F22AC5400A8A550 /* Project object */ = {
			isa = PBXProject;
			attributes = {
				LastSwiftUpdateCheck = 0830;
				LastUpgradeCheck = 0830;
				ORGANIZATIONNAME = "Andrew Ng";
				TargetAttributes = {
					3ADC8A3B1F22AC5400A8A550 = {
						CreatedOnToolsVersion = 8.3.2;
						DevelopmentTeam = QR74TLS2R5;
						ProvisioningStyle = Automatic;
					};
				};
			};
			buildConfigurationList = 3ADC8A371F22AC5400A8A550 /* Build configuration list for PBXProject "Poll-It!" */;
			compatibilityVersion = "Xcode 3.2";
			developmentRegion = English;
			hasScannedForEncodings = 0;
			knownRegions = (
				en,
				Base,
			);
			mainGroup = 3ADC8A331F22AC5400A8A550;
			productRefGroup = 3ADC8A3D1F22AC5400A8A550 /* Products */;
			projectDirPath = "";
			projectRoot = "";
			targets = (
				3ADC8A3B1F22AC5400A8A550 /* Poll-It! */,
			);
		};
/* End PBXProject section */

/* Begin PBXResourcesBuildPhase section */
		3ADC8A3A1F22AC5400A8A550 /* Resources */ = {
			isa = PBXResourcesBuildPhase;
			buildActionMask = 2147483647;
			files = (
				3ADC8A4A1F22AC5400A8A550 /* LaunchScreen.storyboard in Resources */,
				3ADC8A471F22AC5400A8A550 /* Assets.xcassets in Resources */,
				3ADC8A451F22AC5400A8A550 /* Main.storyboard in Resources */,
			);
			runOnlyForDeploymentPostprocessing = 0;
		};
/* End PBXResourcesBuildPhase section */

/* Begin PBXShellScriptBuildPhase section */
		317419C21379063112E78170 /* [CP] Embed Pods Frameworks */ = {
			isa = PBXShellScriptBuildPhase;
			buildActionMask = 2147483647;
			files = (
			);
			inputPaths = (
			);
			name = "[CP] Embed Pods Frameworks";
			outputPaths = (
			);
			runOnlyForDeploymentPostprocessing = 0;
			shellPath = /bin/sh;
			shellScript = "\"${SRCROOT}/Pods/Target Support Files/Pods-Poll-It!/Pods-Poll-It!-frameworks.sh\"\n";
			showEnvVarsInLog = 0;
		};
		65265B65EB23B2ACF4E40630 /* [CP] Check Pods Manifest.lock */ = {
			isa = PBXShellScriptBuildPhase;
			buildActionMask = 2147483647;
			files = (
			);
			inputPaths = (
			);
			name = "[CP] Check Pods Manifest.lock";
			outputPaths = (
			);
			runOnlyForDeploymentPostprocessing = 0;
			shellPath = /bin/sh;
			shellScript = "diff \"${PODS_PODFILE_DIR_PATH}/Podfile.lock\" \"${PODS_ROOT}/Manifest.lock\" > /dev/null\nif [ $? != 0 ] ; then\n    # print error to STDERR\n    echo \"error: The sandbox is not in sync with the Podfile.lock. Run 'pod install' or update your CocoaPods installation.\" >&2\n    exit 1\nfi\n";
			showEnvVarsInLog = 0;
		};
		9EABD5B42A33B9F296E02DDE /* [CP] Copy Pods Resources */ = {
			isa = PBXShellScriptBuildPhase;
			buildActionMask = 2147483647;
			files = (
			);
			inputPaths = (
			);
			name = "[CP] Copy Pods Resources";
			outputPaths = (
			);
			runOnlyForDeploymentPostprocessing = 0;
			shellPath = /bin/sh;
			shellScript = "\"${SRCROOT}/Pods/Target Support Files/Pods-Poll-It!/Pods-Poll-It!-resources.sh\"\n";
			showEnvVarsInLog = 0;
		};
/* End PBXShellScriptBuildPhase section */

/* Begin PBXSourcesBuildPhase section */
		3ADC8A381F22AC5400A8A550 /* Sources */ = {
			isa = PBXSourcesBuildPhase;
			buildActionMask = 2147483647;
			files = (
				3ADC8A421F22AC5400A8A550 /* ViewController.swift in Sources */,
				3ADC8A401F22AC5400A8A550 /* AppDelegate.swift in Sources */,
			);
			runOnlyForDeploymentPostprocessing = 0;
		};
/* End PBXSourcesBuildPhase section */

/* Begin PBXVariantGroup section */
		3ADC8A431F22AC5400A8A550 /* Main.storyboard */ = {
			isa = PBXVariantGroup;
			children = (
				3ADC8A441F22AC5400A8A550 /* Base */,
			);
			name = Main.storyboard;
			sourceTree = "<group>";
		};
		3ADC8A481F22AC5400A8A550 /* LaunchScreen.storyboard */ = {
			isa = PBXVariantGroup;
			children = (
				3ADC8A491F22AC5400A8A550 /* Base */,
			);
			name = LaunchScreen.storyboard;
			sourceTree = "<group>";
		};
/* End PBXVariantGroup section */

/* Begin XCBuildConfiguration section */
		3ADC8A4C1F22AC5400A8A550 /* Debug */ = {
			isa = XCBuildConfiguration;
			buildSettings = {
				ALWAYS_SEARCH_USER_PATHS = NO;
				CLANG_ANALYZER_NONNULL = YES;
				CLANG_ANALYZER_NUMBER_OBJECT_CONVERSION = YES_AGGRESSIVE;
				CLANG_CXX_LANGUAGE_STANDARD = "gnu++0x";
				CLANG_CXX_LIBRARY = "libc++";
				CLANG_ENABLE_MODULES = YES;
				CLANG_ENABLE_OBJC_ARC = YES;
				CLANG_WARN_BOOL_CONVERSION = YES;
				CLANG_WARN_CONSTANT_CONVERSION = YES;
				CLANG_WARN_DIRECT_OBJC_ISA_USAGE = YES_ERROR;
				CLANG_WARN_DOCUMENTATION_COMMENTS = YES;
				CLANG_WARN_EMPTY_BODY = YES;
				CLANG_WARN_ENUM_CONVERSION = YES;
				CLANG_WARN_INFINITE_RECURSION = YES;
				CLANG_WARN_INT_CONVERSION = YES;
				CLANG_WARN_OBJC_ROOT_CLASS = YES_ERROR;
				CLANG_WARN_SUSPICIOUS_MOVE = YES;
				CLANG_WARN_UNREACHABLE_CODE = YES;
				CLANG_WARN__DUPLICATE_METHOD_MATCH = YES;
				"CODE_SIGN_IDENTITY[sdk=iphoneos*]" = "iPhone Developer";
				COPY_PHASE_STRIP = NO;
				DEBUG_INFORMATION_FORMAT = dwarf;
				ENABLE_STRICT_OBJC_MSGSEND = YES;
				ENABLE_TESTABILITY = YES;
				GCC_C_LANGUAGE_STANDARD = gnu99;
				GCC_DYNAMIC_NO_PIC = NO;
				GCC_NO_COMMON_BLOCKS = YES;
				GCC_OPTIMIZATION_LEVEL = 0;
				GCC_PREPROCESSOR_DEFINITIONS = (
					"DEBUG=1",
					"$(inherited)",
				);
				GCC_WARN_64_TO_32_BIT_CONVERSION = YES;
				GCC_WARN_ABOUT_RETURN_TYPE = YES_ERROR;
				GCC_WARN_UNDECLARED_SELECTOR = YES;
				GCC_WARN_UNINITIALIZED_AUTOS = YES_AGGRESSIVE;
				GCC_WARN_UNUSED_FUNCTION = YES;
				GCC_WARN_UNUSED_VARIABLE = YES;
				IPHONEOS_DEPLOYMENT_TARGET = 10.3;
				MTL_ENABLE_DEBUG_INFO = YES;
				ONLY_ACTIVE_ARCH = YES;
				SDKROOT = iphoneos;
				SWIFT_ACTIVE_COMPILATION_CONDITIONS = DEBUG;
				SWIFT_OPTIMIZATION_LEVEL = "-Onone";
			};
			name = Debug;
		};
		3ADC8A4D1F22AC5400A8A550 /* Release */ = {
			isa = XCBuildConfiguration;
			buildSettings = {
				ALWAYS_SEARCH_USER_PATHS = NO;
				CLANG_ANALYZER_NONNULL = YES;
				CLANG_ANALYZER_NUMBER_OBJECT_CONVERSION = YES_AGGRESSIVE;
				CLANG_CXX_LANGUAGE_STANDARD = "gnu++0x";
				CLANG_CXX_LIBRARY = "libc++";
				CLANG_ENABLE_MODULES = YES;
				CLANG_ENABLE_OBJC_ARC = YES;
				CLANG_WARN_BOOL_CONVERSION = YES;
				CLANG_WARN_CONSTANT_CONVERSION = YES;
				CLANG_WARN_DIRECT_OBJC_ISA_USAGE = YES_ERROR;
				CLANG_WARN_DOCUMENTATION_COMMENTS = YES;
				CLANG_WARN_EMPTY_BODY = YES;
				CLANG_WARN_ENUM_CONVERSION = YES;
				CLANG_WARN_INFINITE_RECURSION = YES;
				CLANG_WARN_INT_CONVERSION = YES;
				CLANG_WARN_OBJC_ROOT_CLASS = YES_ERROR;
				CLANG_WARN_SUSPICIOUS_MOVE = YES;
				CLANG_WARN_UNREACHABLE_CODE = YES;
				CLANG_WARN__DUPLICATE_METHOD_MATCH = YES;
				"CODE_SIGN_IDENTITY[sdk=iphoneos*]" = "iPhone Developer";
				COPY_PHASE_STRIP = NO;
				DEBUG_INFORMATION_FORMAT = "dwarf-with-dsym";
				ENABLE_NS_ASSERTIONS = NO;
				ENABLE_STRICT_OBJC_MSGSEND = YES;
				GCC_C_LANGUAGE_STANDARD = gnu99;
				GCC_NO_COMMON_BLOCKS = YES;
				GCC_WARN_64_TO_32_BIT_CONVERSION = YES;
				GCC_WARN_ABOUT_RETURN_TYPE = YES_ERROR;
				GCC_WARN_UNDECLARED_SELECTOR = YES;
				GCC_WARN_UNINITIALIZED_AUTOS = YES_AGGRESSIVE;
				GCC_WARN_UNUSED_FUNCTION = YES;
				GCC_WARN_UNUSED_VARIABLE = YES;
				IPHONEOS_DEPLOYMENT_TARGET = 10.3;
				MTL_ENABLE_DEBUG_INFO = NO;
				SDKROOT = iphoneos;
				SWIFT_OPTIMIZATION_LEVEL = "-Owholemodule";
				VALIDATE_PRODUCT = YES;
			};
			name = Release;
		};
		3ADC8A4F1F22AC5400A8A550 /* Debug */ = {
			isa = XCBuildConfiguration;
			baseConfigurationReference = 61FB1BF5C4835A363717FEF8 /* Pods-Poll-It!.debug.xcconfig */;
			buildSettings = {
				ASSETCATALOG_COMPILER_APPICON_NAME = AppIcon;
				DEVELOPMENT_TEAM = QR74TLS2R5;
				INFOPLIST_FILE = "Poll-It!/Info.plist";
				LD_RUNPATH_SEARCH_PATHS = "$(inherited) @executable_path/Frameworks";
				PRODUCT_BUNDLE_IDENTIFIER = "com.andrewng.Poll-It-";
				PRODUCT_NAME = "$(TARGET_NAME)";
				SWIFT_VERSION = 3.0;
			};
			name = Debug;
		};
		3ADC8A501F22AC5400A8A550 /* Release */ = {
			isa = XCBuildConfiguration;
			baseConfigurationReference = D4182458467229BE4FA636C0 /* Pods-Poll-It!.release.xcconfig */;
			buildSettings = {
				ASSETCATALOG_COMPILER_APPICON_NAME = AppIcon;
				DEVELOPMENT_TEAM = QR74TLS2R5;
				INFOPLIST_FILE = "Poll-It!/Info.plist";
				LD_RUNPATH_SEARCH_PATHS = "$(inherited) @executable_path/Frameworks";
				PRODUCT_BUNDLE_IDENTIFIER = "com.andrewng.Poll-It-";
				PRODUCT_NAME = "$(TARGET_NAME)";
				SWIFT_VERSION = 3.0;
			};
			name = Release;
		};
/* End XCBuildConfiguration section */

/* Begin XCConfigurationList section */
		3ADC8A371F22AC5400A8A550 /* Build configuration list for PBXProject "Poll-It!" */ = {
			isa = XCConfigurationList;
			buildConfigurations = (
				3ADC8A4C1F22AC5400A8A550 /* Debug */,
				3ADC8A4D1F22AC5400A8A550 /* Release */,
			);
			defaultConfigurationIsVisible = 0;
			defaultConfigurationName = Release;
		};
		3ADC8A4E1F22AC5400A8A550 /* Build configuration list for PBXNativeTarget "Poll-It!" */ = {
			isa = XCConfigurationList;
			buildConfigurations = (
				3ADC8A4F1F22AC5400A8A550 /* Debug */,
				3ADC8A501F22AC5400A8A550 /* Release */,
			);
			defaultConfigurationIsVisible = 0;
		};
/* End XCConfigurationList section */
	};
	rootObject = 3ADC8A341F22AC5400A8A550 /* Project object */;
}
